
Microsoft Visual Studio Solution File, Format Version 12.00
# Visual Studio Version 16
VisualStudioVersion = 16.0.30711.63
MinimumVisualStudioVersion = 10.0.40219.1
Project("{FAE04EC0-301F-11D3-BF4B-00C04F79EFBC}") = "CarroselPages.UWP", "CarroselPages\CarroselPages.UWP\CarroselPages.UWP.csproj", "{6AD5A6BA-DFC0-4C9E-8528-13F478A041CE}"
EndProject
Project("{FAE04EC0-301F-11D3-BF4B-00C04F79EFBC}") = "CarroselPages.Android", "CarroselPages\CarroselPages.Android\CarroselPages.Android.csproj", "{497E51E1-C122-41B1-9E6A-BB3D80A6BDC5}"
EndProject
Project("{FAE04EC0-301F-11D3-BF4B-00C04F79EFBC}") = "CarroselPages.iOS", "CarroselPages\CarroselPages.iOS\CarroselPages.iOS.csproj", "{CE1EBED4-530F-4FC0-9F10-515B39B06D1C}"
EndProject
Project("{FAE04EC0-301F-11D3-BF4B-00C04F79EFBC}") = "CarroselPages", "CarroselPages\CarroselPages\CarroselPages.csproj", "{DCFCF938-B364-432D-B095-ADBBCC8A7F10}"
EndProject
Global
	GlobalSection(SolutionConfigurationPlatforms) = preSolution
		Debug|Any CPU = Debug|Any CPU
		Debug|ARM = Debug|ARM
		Debug|iPhone = Debug|iPhone
		Debug|iPhoneSimulator = Debug|iPhoneSimulator
		Debug|x64 = Debug|x64
		Debug|x86 = Debug|x86
		Release|Any CPU = Release|Any CPU
		Release|ARM = Release|ARM
		Release|iPhone = Release|iPhone
		Release|iPhoneSimulator = Release|iPhoneSimulator
		Release|x64 = Release|x64
		Release|x86 = Release|x86
	EndGlobalSection
	GlobalSection(ProjectConfigurationPlatforms) = postSolution
		{6AD5A6BA-DFC0-4C9E-8528-13F478A041CE}.Debug|Any CPU.ActiveCfg = Debug|x86
		{6AD5A6BA-DFC0-4C9E-8528-13F478A041CE}.Debug|Any CPU.Build.0 = Debug|x86
		{6AD5A6BA-DFC0-4C9E-8528-13F478A041CE}.Debug|Any CPU.Deploy.0 = Debug|x86
		{6AD5A6BA-DFC0-4C9E-8528-13F478A041CE}.Debug|ARM.ActiveCfg = Debug|ARM
		{6AD5A6BA-DFC0-4C9E-8528-13F478A041CE}.Debug|ARM.Build.0 = Debug|ARM
		{6AD5A6BA-DFC0-4C9E-8528-13F478A041CE}.Debug|ARM.Deploy.0 = Debug|ARM
		{6AD5A6BA-DFC0-4C9E-8528-13F478A041CE}.Debug|iPhone.ActiveCfg = Debug|x86
		{6AD5A6BA-DFC0-4C9E-8528-13F478A041CE}.Debug|iPhone.Build.0 = Debug|x86
		{6AD5A6BA-DFC0-4C9E-8528-13F478A041CE}.Debug|iPhone.Deploy.0 = Debug|x86
		{6AD5A6BA-DFC0-4C9E-8528-13F478A041CE}.Debug|iPhoneSimulator.ActiveCfg = Debug|x86
		{6AD5A6BA-DFC0-4C9E-8528-13F478A041CE}.Debug|iPhoneSimulator.Build.0 = Debug|x86
		{6AD5A6BA-DFC0-4C9E-8528-13F478A041CE}.Debug|iPhoneSimulator.Deploy.0 = Debug|x86
		{6AD5A6BA-DFC0-4C9E-8528-13F478A041CE}.Debug|x64.ActiveCfg = Debug|x64
		{6AD5A6BA-DFC0-4C9E-8528-13F478A041CE}.Debug|x64.Build.0 = Debug|x64
		{6AD5A6BA-DFC0-4C9E-8528-13F478A041CE}.Debug|x64.Deploy.0 = Debug|x64
		{6AD5A6BA-DFC0-4C9E-8528-13F478A041CE}.Debug|x86.ActiveCfg = Debug|x86
		{6AD5A6BA-DFC0-4C9E-8528-13F478A041CE}.Debug|x86.Build.0 = Debug|x86
		{6AD5A6BA-DFC0-4C9E-8528-13F478A041CE}.Debug|x86.Deploy.0 = Debug|x86
		{6AD5A6BA-DFC0-4C9E-8528-13F478A041CE}.Release|Any CPU.ActiveCfg = Release|x86
		{6AD5A6BA-DFC0-4C9E-8528-13F478A041CE}.Release|Any CPU.Build.0 = Release|x86
		{6AD5A6BA-DFC0-4C9E-8528-13F478A041CE}.Release|Any CPU.Deploy.0 = Release|x86
		{6AD5A6BA-DFC0-4C9E-8528-13F478A041CE}.Release|ARM.ActiveCfg = Release|ARM
		{6AD5A6BA-DFC0-4C9E-8528-13F478A041CE}.Release|ARM.Build.0 = Release|ARM
		{6AD5A6BA-DFC0-4C9E-8528-13F478A041CE}.Release|ARM.Deploy.0 = Release|ARM
		{6AD5A6BA-DFC0-4C9E-8528-13F478A041CE}.Release|iPhone.ActiveCfg = Release|x86
		{6AD5A6BA-DFC0-4C9E-8528-13F478A041CE}.Release|iPhone.Build.0 = Release|x86
		{6AD5A6BA-DFC0-4C9E-8528-13F478A041CE}.Release|iPhone.Deploy.0 = Release|x86
		{6AD5A6BA-DFC0-4C9E-8528-13F478A041CE}.Release|iPhoneSimulator.ActiveCfg = Release|x86
		{6AD5A6BA-DFC0-4C9E-8528-13F478A041CE}.Release|iPhoneSimulator.Build.0 = Release|x86
		{6AD5A6BA-DFC0-4C9E-8528-13F478A041CE}.Release|iPhoneSimulator.Deploy.0 = Release|x86
		{6AD5A6BA-DFC0-4C9E-8528-13F478A041CE}.Release|x64.ActiveCfg = Release|x64
		{6AD5A6BA-DFC0-4C9E-8528-13F478A041CE}.Release|x64.Build.0 = Release|x64
		{6AD5A6BA-DFC0-4C9E-8528-13F478A041CE}.Release|x64.Deploy.0 = Release|x64
		{6AD5A6BA-DFC0-4C9E-8528-13F478A041CE}.Release|x86.ActiveCfg = Release|x86
		{6AD5A6BA-DFC0-4C9E-8528-13F478A041CE}.Release|x86.Build.0 = Release|x86
		{6AD5A6BA-DFC0-4C9E-8528-13F478A041CE}.Release|x86.Deploy.0 = Release|x86
		{497E51E1-C122-41B1-9E6A-BB3D80A6BDC5}.Debug|Any CPU.ActiveCfg = Debug|Any CPU
		{497E51E1-C122-41B1-9E6A-BB3D80A6BDC5}.Debug|Any CPU.Build.0 = Debug|Any CPU
		{497E51E1-C122-41B1-9E6A-BB3D80A6BDC5}.Debug|Any CPU.Deploy.0 = Debug|Any CPU
		{497E51E1-C122-41B1-9E6A-BB3D80A6BDC5}.Debug|ARM.ActiveCfg = Debug|Any CPU
		{497E51E1-C122-41B1-9E6A-BB3D80A6BDC5}.Debug|ARM.Build.0 = Debug|Any CPU
		{497E51E1-C122-41B1-9E6A-BB3D80A6BDC5}.Debug|ARM.Deploy.0 = Debug|Any CPU
		{497E51E1-C122-41B1-9E6A-BB3D80A6BDC5}.Debug|iPhone.ActiveCfg = Debug|Any CPU
		{497E51E1-C122-41B1-9E6A-BB3D80A6BDC5}.Debug|iPhone.Build.0 = Debug|Any CPU
		{497E51E1-C122-41B1-9E6A-BB3D80A6BDC5}.Debug|iPhone.Deploy.0 = Debug|Any CPU
		{497E51E1-C122-41B1-9E6A-BB3D80A6BDC5}.Debug|iPhoneSimulator.ActiveCfg = Debug|Any CPU
		{497E51E1-C122-41B1-9E6A-BB3D80A6BDC5}.Debug|iPhoneSimulator.Build.0 = Debug|Any CPU
		{497E51E1-C122-41B1-9E6A-BB3D80A6BDC5}.Debug|iPhoneSimulator.Deploy.0 = Debug|Any CPU
		{497E51E1-C122-41B1-9E6A-BB3D80A6BDC5}.Debug|x64.ActiveCfg = Debug|Any CPU
		{497E51E1-C122-41B1-9E6A-BB3D80A6BDC5}.Debug|x64.Build.0 = Debug|Any CPU
		{497E51E1-C122-41B1-9E6A-BB3D80A6BDC5}.Debug|x64.Deploy.0 = Debug|Any CPU
		{497E51E1-C122-41B1-9E6A-BB3D80A6BDC5}.Debug|x86.ActiveCfg = Debug|Any CPU
		{497E51E1-C122-41B1-9E6A-BB3D80A6BDC5}.Debug|x86.Build.0 = Debug|Any CPU
		{497E51E1-C122-41B1-9E6A-BB3D80A6BDC5}.Debug|x86.Deploy.0 = Debug|Any CPU
		{497E51E1-C122-41B1-9E6A-BB3D80A6BDC5}.Release|Any CPU.ActiveCfg = Release|Any CPU
		{497E51E1-C122-41B1-9E6A-BB3D80A6BDC5}.Release|Any CPU.Build.0 = Release|Any CPU
		{497E51E1-C122-41B1-9E6A-BB3D80A6BDC5}.Release|Any CPU.Deploy.0 = Release|Any CPU
		{497E51E1-C122-41B1-9E6A-BB3D80A6BDC5}.Release|ARM.ActiveCfg = Release|Any CPU
		{497E51E1-C122-41B1-9E6A-BB3D80A6BDC5}.Release|ARM.Build.0 = Release|Any CPU
		{497E51E1-C122-41B1-9E6A-BB3D80A6BDC5}.Release|ARM.Deploy.0 = Release|Any CPU
		{497E51E1-C122-41B1-9E6A-BB3D80A6BDC5}.Release|iPhone.ActiveCfg = Release|Any CPU
		{497E51E1-C122-41B1-9E6A-BB3D80A6BDC5}.Release|iPhone.Build.0 = Release|Any CPU
		{497E51E1-C122-41B1-9E6A-BB3D80A6BDC5}.Release|iPhone.Deploy.0 = Release|Any CPU
		{497E51E1-C122-41B1-9E6A-BB3D80A6BDC5}.Release|iPhoneSimulator.ActiveCfg = Release|Any CPU
		{497E51E1-C122-41B1-9E6A-BB3D80A6BDC5}.Release|iPhoneSimulator.Build.0 = Release|Any CPU
		{497E51E1-C122-41B1-9E6A-BB3D80A6BDC5}.Release|iPhoneSimulator.Deploy.0 = Release|Any CPU
		{497E51E1-C122-41B1-9E6A-BB3D80A6BDC5}.Release|x64.ActiveCfg = Release|Any CPU
		{497E51E1-C122-41B1-9E6A-BB3D80A6BDC5}.Release|x64.Build.0 = Release|Any CPU
		{497E51E1-C122-41B1-9E6A-BB3D80A6BDC5}.Release|x64.Deploy.0 = Release|Any CPU
		{497E51E1-C122-41B1-9E6A-BB3D80A6BDC5}.Release|x86.ActiveCfg = Release|Any CPU
		{497E51E1-C122-41B1-9E6A-BB3D80A6BDC5}.Release|x86.Build.0 = Release|Any CPU
		{497E51E1-C122-41B1-9E6A-BB3D80A6BDC5}.Release|x86.Deploy.0 = Release|Any CPU
		{CE1EBED4-530F-4FC0-9F10-515B39B06D1C}.Debug|Any CPU.ActiveCfg = Debug|iPhoneSimulator
		{CE1EBED4-530F-4FC0-9F10-515B39B06D1C}.Debug|Any CPU.Build.0 = Debug|iPhoneSimulator
		{CE1EBED4-530F-4FC0-9F10-515B39B06D1C}.Debug|Any CPU.Deploy.0 = Debug|iPhoneSimulator
		{CE1EBED4-530F-4FC0-9F10-515B39B06D1C}.Debug|ARM.ActiveCfg = Debug|iPhone
		{CE1EBED4-530F-4FC0-9F10-515B39B06D1C}.Debug|ARM.Build.0 = Debug|iPhone
		{CE1EBED4-530F-4FC0-9F10-515B39B06D1C}.Debug|ARM.Deploy.0 = Debug|iPhone
		{CE1EBED4-530F-4FC0-9F10-515B39B06D1C}.Debug|iPhone.ActiveCfg = Debug|iPhone
		{CE1EBED4-530F-4FC0-9F10-515B39B06D1C}.Debug|iPhone.Build.0 = Debug|iPhone
		{CE1EBED4-530F-4FC0-9F10-515B39B06D1C}.Debug|iPhone.Deploy.0 = Debug|iPhone
		{CE1EBED4-530F-4FC0-9F10-515B39B06D1C}.Debug|iPhoneSimulator.ActiveCfg = Debug|iPhoneSimulator
		{CE1EBED4-530F-4FC0-9F10-515B39B06D1C}.Debug|iPhoneSimulator.Build.0 = Debug|iPhoneSimulator
		{CE1EBED4-530F-4FC0-9F10-515B39B06D1C}.Debug|iPhoneSimulator.Deploy.0 = Debug|iPhoneSimulator
		{CE1EBED4-530F-4FC0-9F10-515B39B06D1C}.Debug|x64.ActiveCfg = Debug|iPhoneSimulator
		{CE1EBED4-530F-4FC0-9F10-515B39B06D1C}.Debug|x64.Build.0 = Debug|iPhoneSimulator
		{CE1EBED4-530F-4FC0-9F10-515B39B06D1C}.Debug|x64.Deploy.0 = Debug|iPhoneSimulator
		{CE1EBED4-530F-4FC0-9F10-515B39B06D1C}.Debug|x86.ActiveCfg = Debug|iPhoneSimulator
		{CE1EBED4-530F-4FC0-9F10-515B39B06D1C}.Debug|x86.Build.0 = Debug|iPhoneSimulator
		{CE1EBED4-530F-4FC0-9F10-515B39B06D1C}.Debug|x86.Deploy.0 = Debug|iPhoneSimulator
		{CE1EBED4-530F-4FC0-9F10-515B39B06D1C}.Release|Any CPU.ActiveCfg = Release|iPhoneSimulator
		{CE1EBED4-530F-4FC0-9F10-515B39B06D1C}.Release|Any CPU.Build.0 = Release|iPhoneSimulator
		{CE1EBED4-530F-4FC0-9F10-515B39B06D1C}.Release|Any CPU.Deploy.0 = Release|iPhoneSimulator
		{CE1EBED4-530F-4FC0-9F10-515B39B06D1C}.Release|ARM.ActiveCfg = Release|iPhoneSimulator
		{CE1EBED4-530F-4FC0-9F10-515B39B06D1C}.Release|ARM.Build.0 = Release|iPhoneSimulator
		{CE1EBED4-530F-4FC0-9F10-515B39B06D1C}.Release|ARM.Deploy.0 = Release|iPhoneSimulator
		{CE1EBED4-530F-4FC0-9F10-515B39B06D1C}.Release|iPhone.ActiveCfg = Release|iPhone
		{CE1EBED4-530F-4FC0-9F10-515B39B06D1C}.Release|iPhone.Build.0 = Release|iPhone
		{CE1EBED4-530F-4FC0-9F10-515B39B06D1C}.Release|iPhone.Deploy.0 = Release|iPhone
		{CE1EBED4-530F-4FC0-9F10-515B39B06D1C}.Release|iPhoneSimulator.ActiveCfg = Release|iPhoneSimulator
		{CE1EBED4-530F-4FC0-9F10-515B39B06D1C}.Release|iPhoneSimulator.Build.0 = Release|iPhoneSimulator
		{CE1EBED4-530F-4FC0-9F10-515B39B06D1C}.Release|iPhoneSimulator.Deploy.0 = Release|iPhoneSimulator
		{CE1EBED4-530F-4FC0-9F10-515B39B06D1C}.Release|x64.ActiveCfg = Release|iPhoneSimulator
		{CE1EBED4-530F-4FC0-9F10-515B39B06D1C}.Release|x64.Build.0 = Release|iPhoneSimulator
		{CE1EBED4-530F-4FC0-9F10-515B39B06D1C}.Release|x64.Deploy.0 = Release|iPhoneSimulator
		{CE1EBED4-530F-4FC0-9F10-515B39B06D1C}.Release|x86.ActiveCfg = Release|iPhoneSimulator
		{CE1EBED4-530F-4FC0-9F10-515B39B06D1C}.Release|x86.Build.0 = Release|iPhoneSimulator
		{CE1EBED4-530F-4FC0-9F10-515B39B06D1C}.Release|x86.Deploy.0 = Release|iPhoneSimulator
		{DCFCF938-B364-432D-B095-ADBBCC8A7F10}.Debug|Any CPU.ActiveCfg = Debug|Any CPU
		{DCFCF938-B364-432D-B095-ADBBCC8A7F10}.Debug|Any CPU.Build.0 = Debug|Any CPU
		{DCFCF938-B364-432D-B095-ADBBCC8A7F10}.Debug|Any CPU.Deploy.0 = Debug|Any CPU
		{DCFCF938-B364-432D-B095-ADBBCC8A7F10}.Debug|ARM.ActiveCfg = Debug|Any CPU
		{DCFCF938-B364-432D-B095-ADBBCC8A7F10}.Debug|ARM.Build.0 = Debug|Any CPU
		{DCFCF938-B364-432D-B095-ADBBCC8A7F10}.Debug|ARM.Deploy.0 = Debug|Any CPU
		{DCFCF938-B364-432D-B095-ADBBCC8A7F10}.Debug|iPhone.ActiveCfg = Debug|Any CPU
		{DCFCF938-B364-432D-B095-ADBBCC8A7F10}.Debug|iPhone.Build.0 = Debug|Any CPU
		{DCFCF938-B364-432D-B095-ADBBCC8A7F10}.Debug|iPhone.Deploy.0 = Debug|Any CPU
		{DCFCF938-B364-432D-B095-ADBBCC8A7F10}.Debug|iPhoneSimulator.ActiveCfg = Debug|Any CPU
		{DCFCF938-B364-432D-B095-ADBBCC8A7F10}.Debug|iPhoneSimulator.Build.0 = Debug|Any CPU
		{DCFCF938-B364-432D-B095-ADBBCC8A7F10}.Debug|iPhoneSimulator.Deploy.0 = Debug|Any CPU
		{DCFCF938-B364-432D-B095-ADBBCC8A7F10}.Debug|x64.ActiveCfg = Debug|Any CPU
		{DCFCF938-B364-432D-B095-ADBBCC8A7F10}.Debug|x64.Build.0 = Debug|Any CPU
		{DCFCF938-B364-432D-B095-ADBBCC8A7F10}.Debug|x64.Deploy.0 = Debug|Any CPU
		{DCFCF938-B364-432D-B095-ADBBCC8A7F10}.Debug|x86.ActiveCfg = Debug|Any CPU
		{DCFCF938-B364-432D-B095-ADBBCC8A7F10}.Debug|x86.Build.0 = Debug|Any CPU
		{DCFCF938-B364-432D-B095-ADBBCC8A7F10}.Debug|x86.Deploy.0 = Debug|Any CPU
		{DCFCF938-B364-432D-B095-ADBBCC8A7F10}.Release|Any CPU.ActiveCfg = Release|Any CPU
		{DCFCF938-B364-432D-B095-ADBBCC8A7F10}.Release|Any CPU.Build.0 = Release|Any CPU
		{DCFCF938-B364-432D-B095-ADBBCC8A7F10}.Release|Any CPU.Deploy.0 = Release|Any CPU
		{DCFCF938-B364-432D-B095-ADBBCC8A7F10}.Release|ARM.ActiveCfg = Release|Any CPU
		{DCFCF938-B364-432D-B095-ADBBCC8A7F10}.Release|ARM.Build.0 = Release|Any CPU
		{DCFCF938-B364-432D-B095-ADBBCC8A7F10}.Release|ARM.Deploy.0 = Release|Any CPU
		{DCFCF938-B364-432D-B095-ADBBCC8A7F10}.Release|iPhone.ActiveCfg = Release|Any CPU
		{DCFCF938-B364-432D-B095-ADBBCC8A7F10}.Release|iPhone.Build.0 = Release|Any CPU
		{DCFCF938-B364-432D-B095-ADBBCC8A7F10}.Release|iPhone.Deploy.0 = Release|Any CPU
		{DCFCF938-B364-432D-B095-ADBBCC8A7F10}.Release|iPhoneSimulator.ActiveCfg = Release|Any CPU
		{DCFCF938-B364-432D-B095-ADBBCC8A7F10}.Release|iPhoneSimulator.Build.0 = Release|Any CPU
		{DCFCF938-B364-432D-B095-ADBBCC8A7F10}.Release|iPhoneSimulator.Deploy.0 = Release|Any CPU
		{DCFCF938-B364-432D-B095-ADBBCC8A7F10}.Release|x64.ActiveCfg = Release|Any CPU
		{DCFCF938-B364-432D-B095-ADBBCC8A7F10}.Release|x64.Build.0 = Release|Any CPU
		{DCFCF938-B364-432D-B095-ADBBCC8A7F10}.Release|x64.Deploy.0 = Release|Any CPU
		{DCFCF938-B364-432D-B095-ADBBCC8A7F10}.Release|x86.ActiveCfg = Release|Any CPU
		{DCFCF938-B364-432D-B095-ADBBCC8A7F10}.Release|x86.Build.0 = Release|Any CPU
		{DCFCF938-B364-432D-B095-ADBBCC8A7F10}.Release|x86.Deploy.0 = Release|Any CPU
	EndGlobalSection
	GlobalSection(SolutionProperties) = preSolution
		HideSolutionNode = FALSE
	EndGlobalSection
	GlobalSection(ExtensibilityGlobals) = postSolution
		SolutionGuid = {E92399C1-7C44-4625-9B1A-CC2AAE8E0723}
	EndGlobalSection
EndGlobal
